
Microsoft Visual Studio Solution File, Format Version 12.00
# Visual Studio 15
VisualStudioVersion = 15.0.27703.2018
MinimumVisualStudioVersion = 10.0.40219.1
Project("{FAE04EC0-301F-11D3-BF4B-00C04F79EFBC}") = "App", "CarsApp\App.csproj", "{78E50837-4C07-49C6-A818-801752764D3A}"
EndProject
Project("{FAE04EC0-301F-11D3-BF4B-00C04F79EFBC}") = "Corron.CarServiceLibrary", "Corron.CarService\Corron.CarServiceLibrary.csproj", "{9255E17F-82CB-40B9-94D1-D832EC68EC74}"
EndProject
Project("{54435603-DBB4-11D2-8724-00A0C9A8B90C}") = "CarsSetup", "CarsSetup\CarsSetup.vdproj", "{D4274994-226B-4D12-BAC9-4627061D3877}"
EndProject
Project("{00D1A9C2-B5F0-4AF3-8072-F6C62B433612}") = "JoesCarService", "JoesCarService\JoesCarService.sqlproj", "{B6C86DFB-DF67-4517-BCAA-B6F4CFDE0AC8}"
EndProject
Project("{FAE04EC0-301F-11D3-BF4B-00C04F79EFBC}") = "Corron.CarServiceLibrary.Tests", "Corron.CarServiceLibrary.Tests\Corron.CarServiceLibrary.Tests.csproj", "{FC10A7B1-7DCF-4264-BE6B-456D0546B44E}"
EndProject
Global
	GlobalSection(Performance) = preSolution
		HasPerformanceSessions = true
	EndGlobalSection
	GlobalSection(SolutionConfigurationPlatforms) = preSolution
		Debug|Any CPU = Debug|Any CPU
		Release|Any CPU = Release|Any CPU
	EndGlobalSection
	GlobalSection(ProjectConfigurationPlatforms) = postSolution
		{78E50837-4C07-49C6-A818-801752764D3A}.Debug|Any CPU.ActiveCfg = Debug|Any CPU
		{78E50837-4C07-49C6-A818-801752764D3A}.Debug|Any CPU.Build.0 = Debug|Any CPU
		{78E50837-4C07-49C6-A818-801752764D3A}.Release|Any CPU.ActiveCfg = Debug|Any CPU
		{78E50837-4C07-49C6-A818-801752764D3A}.Release|Any CPU.Build.0 = Debug|Any CPU
		{9255E17F-82CB-40B9-94D1-D832EC68EC74}.Debug|Any CPU.ActiveCfg = Debug|Any CPU
		{9255E17F-82CB-40B9-94D1-D832EC68EC74}.Debug|Any CPU.Build.0 = Debug|Any CPU
		{9255E17F-82CB-40B9-94D1-D832EC68EC74}.Release|Any CPU.ActiveCfg = Debug|Any CPU
		{9255E17F-82CB-40B9-94D1-D832EC68EC74}.Release|Any CPU.Build.0 = Debug|Any CPU
		{D4274994-226B-4D12-BAC9-4627061D3877}.Debug|Any CPU.ActiveCfg = Debug
		{D4274994-226B-4D12-BAC9-4627061D3877}.Release|Any CPU.ActiveCfg = Release
		{B6C86DFB-DF67-4517-BCAA-B6F4CFDE0AC8}.Debug|Any CPU.ActiveCfg = Debug|Any CPU
		{B6C86DFB-DF67-4517-BCAA-B6F4CFDE0AC8}.Debug|Any CPU.Build.0 = Debug|Any CPU
		{B6C86DFB-DF67-4517-BCAA-B6F4CFDE0AC8}.Debug|Any CPU.Deploy.0 = Debug|Any CPU
		{B6C86DFB-DF67-4517-BCAA-B6F4CFDE0AC8}.Release|Any CPU.ActiveCfg = Release|Any CPU
		{FC10A7B1-7DCF-4264-BE6B-456D0546B44E}.Debug|Any CPU.ActiveCfg = Debug|Any CPU
		{FC10A7B1-7DCF-4264-BE6B-456D0546B44E}.Debug|Any CPU.Build.0 = Debug|Any CPU
		{FC10A7B1-7DCF-4264-BE6B-456D0546B44E}.Release|Any CPU.ActiveCfg = Release|Any CPU
		{FC10A7B1-7DCF-4264-BE6B-456D0546B44E}.Release|Any CPU.Build.0 = Release|Any CPU
	EndGlobalSection
	GlobalSection(SolutionProperties) = preSolution
		HideSolutionNode = FALSE
	EndGlobalSection
	GlobalSection(ExtensibilityGlobals) = postSolution
		SolutionGuid = {C303D79D-0841-4F3D-9F5C-16F94D318E10}
	EndGlobalSection
EndGlobal
